<?xml version="1.0" encoding="utf-8"?>
<Project ToolsVersion="4.0" xmlns="http://schemas.microsoft.com/developer/msbuild/2003">
  <ItemGroup>
    <ClCompile Include="Source\Cannonball.cpp" />
    <ClCompile Include="Source\Important\Dll.cpp">
      <Filter>Important</Filter>
    </ClCompile>
    <ClCompile Include="Source\Util\Debug.cpp">
      <Filter>Util</Filter>
    </ClCompile>
    <ClCompile Include="Source\Cheese\ProbeControl.cpp">
      <Filter>Cheese</Filter>
    </ClCompile>
    <ClCompile Include="Source\Cheese\Strategy.cpp">
      <Filter>Cheese</Filter>
    </ClCompile>
    <ClCompile Include="Source\Util\Functions.cpp">
      <Filter>Util</Filter>
    </ClCompile>
    <ClCompile Include="Source\Cheese\StrategyManager.cpp">
      <Filter>Cheese</Filter>
    </ClCompile>
    <ClCompile Include="Source\FunctionObjects\DistanceSorter.cpp">
      <Filter>Function Objects</Filter>
    </ClCompile>
    <ClCompile Include="Source\Important\Signals.cpp">
      <Filter>Important</Filter>
    </ClCompile>
    <ClCompile Include="Source\BWAPIadditions\BuildsWhat.cpp">
      <Filter>BWAPI additions</Filter>
    </ClCompile>
    <ClCompile Include="Source\UnitTrainingManager\UnitTrainingManager.cpp">
      <Filter>Unit Training Manager</Filter>
    </ClCompile>
    <ClCompile Include="Source\UnitTrainingManager\Behaviours\DefaultBehaviour.cpp">
      <Filter>Unit Training Manager\Behaviours</Filter>
    </ClCompile>
    <ClCompile Include="Source\UnitTrainingManager\Behaviours\NexusBehaviour.cpp">
      <Filter>Unit Training Manager\Behaviours</Filter>
    </ClCompile>
    <ClCompile Include="Source\Util\BuildingRelativeBuildingPlacer.cpp">
      <Filter>Util</Filter>
    </ClCompile>
    <ClCompile Include="Source\BaseManager\BaseManager.cpp">
      <Filter>Building Manager</Filter>
    </ClCompile>
  </ItemGroup>
  <ItemGroup>
    <ClInclude Include="Source\Cannonball.h" />
    <ClInclude Include="Source\Important\Common.h">
      <Filter>Important</Filter>
    </ClInclude>
    <ClInclude Include="Source\Util\Timed.h">
      <Filter>Util</Filter>
    </ClInclude>
    <ClInclude Include="Source\Util\Debug.h">
      <Filter>Util</Filter>
    </ClInclude>
    <ClInclude Include="Source\Cheese\ProbeControl.h">
      <Filter>Cheese</Filter>
    </ClInclude>
    <ClInclude Include="Source\Cheese\Strategy.h">
      <Filter>Cheese</Filter>
    </ClInclude>
    <ClInclude Include="Source\Util\Functions.h">
      <Filter>Util</Filter>
    </ClInclude>
    <ClInclude Include="Source\Cheese\StrategyManager.h">
      <Filter>Cheese</Filter>
    </ClInclude>
    <ClInclude Include="Source\Cheese\Strategies.h">
      <Filter>Cheese</Filter>
    </ClInclude>
    <ClInclude Include="Source\Important\Signals.h">
      <Filter>Important</Filter>
    </ClInclude>
    <ClInclude Include="Source\FunctionObjects\DistanceSorter.h">
      <Filter>Function Objects</Filter>
    </ClInclude>
    <ClInclude Include="Source\BWAPIadditions\BuildsWhat.h">
      <Filter>BWAPI additions</Filter>
    </ClInclude>
    <ClInclude Include="Source\Cheese\Strategies\Base.h">
      <Filter>Cheese\Strategies</Filter>
    </ClInclude>
    <ClInclude Include="Source\Cheese\Helpers.h">
      <Filter>Cheese</Filter>
    </ClInclude>
    <ClInclude Include="Source\UnitTrainingManager\IUnitTrainingManagerBehaviour.h">
      <Filter>Unit Training Manager</Filter>
    </ClInclude>
    <ClInclude Include="Source\UnitTrainingManager\UnitTrainingManager.h">
      <Filter>Unit Training Manager</Filter>
    </ClInclude>
    <ClInclude Include="Source\UnitTrainingManager\Behaviours\DefaultBehaviour.h">
      <Filter>Unit Training Manager\Behaviours</Filter>
    </ClInclude>
    <ClInclude Include="Source\UnitTrainingManager\Behaviours\NexusBehaviour.h">
      <Filter>Unit Training Manager\Behaviours</Filter>
    </ClInclude>
    <ClInclude Include="Source\Util\BuildingRelativeBuildingPlacer.h">
      <Filter>Util</Filter>
    </ClInclude>
    <ClInclude Include="Source\BaseManager\BaseManager.h">
      <Filter>Building Manager</Filter>
    </ClInclude>
    <ClInclude Include="Source\BaseManager\INexusBehaviourController.h">
      <Filter>Building Manager</Filter>
    </ClInclude>
  </ItemGroup>
  <ItemGroup>
    <Filter Include="Important">
      <UniqueIdentifier>{e3dca6a9-396c-482f-81c2-caa5e80a601c}</UniqueIdentifier>
    </Filter>
    <Filter Include="Util">
      <UniqueIdentifier>{9ca54144-cb95-4fc4-a49a-471e6b623b42}</UniqueIdentifier>
    </Filter>
    <Filter Include="Cheese">
      <UniqueIdentifier>{3ca301d6-4a3f-4f59-82c7-2094d257b493}</UniqueIdentifier>
    </Filter>
    <Filter Include="Cheese\Strategies">
      <UniqueIdentifier>{89a2a272-1985-4d5c-8695-f8519e772600}</UniqueIdentifier>
    </Filter>
    <Filter Include="BWAPI additions">
      <UniqueIdentifier>{f5c38ea5-a228-4f7f-9031-b9776fa0c0ec}</UniqueIdentifier>
    </Filter>
    <Filter Include="Function Objects">
      <UniqueIdentifier>{76f61bfa-44f3-4c9f-8f8f-2fb9a4f7c99d}</UniqueIdentifier>
    </Filter>
    <Filter Include="Unit Training Manager">
      <UniqueIdentifier>{8f7dbef4-6851-422c-b276-ce1ca9371bbe}</UniqueIdentifier>
    </Filter>
    <Filter Include="Unit Training Manager\Behaviours">
      <UniqueIdentifier>{78ab5e17-abf2-4abe-8113-030e236fce3c}</UniqueIdentifier>
    </Filter>
    <Filter Include="Building Manager">
      <UniqueIdentifier>{28a4af45-8b37-4557-8475-1b27ec1d164c}</UniqueIdentifier>
    </Filter>
  </ItemGroup>
</Project>